
Microsoft Visual Studio Solution File, Format Version 12.00
# Visual Studio 14
VisualStudioVersion = 14.0.23107.0
MinimumVisualStudioVersion = 10.0.40219.1
Project("{FAE04EC0-301F-11D3-BF4B-00C04F79EFBC}") = "Project.EncryptTwitter.Security.Cryptography", "Project.EncryptTwitter.Security.Cryptography\Project.EncryptTwitter.Security.Cryptography.csproj", "{1BB4F406-DCAC-4001-B1D0-09452890CBB5}"
EndProject
Project("{FAE04EC0-301F-11D3-BF4B-00C04F79EFBC}") = "Project.EncryptTwitter.Security.Cryptography.Demo", "Project.EncryptTwitter.Security.Cryptography.Demo\Project.EncryptTwitter.Security.Cryptography.Demo.csproj", "{8316C676-9AFC-47FF-96B4-00C8E82828BB}"
EndProject
Project("{FAE04EC0-301F-11D3-BF4B-00C04F79EFBC}") = "Project.EncryptTwitter.Security.Auth", "Project.EncryptTwitter.Security.Auth\Project.EncryptTwitter.Security.Auth.csproj", "{C7D6E012-02DE-4EF6-954A-C24D787BBC81}"
EndProject
Project("{FAE04EC0-301F-11D3-BF4B-00C04F79EFBC}") = "Project.EncryptTwitter.Security.Auth.Demo", "Project.EncryptTwitter.Security.Auth.Demo\Project.EncryptTwitter.Security.Auth.Demo.csproj", "{99B111B9-359F-483B-9AE2-E1E9C1624FAD}"
EndProject
Global
	GlobalSection(SolutionConfigurationPlatforms) = preSolution
		Debug|Any CPU = Debug|Any CPU
		Release|Any CPU = Release|Any CPU
	EndGlobalSection
	GlobalSection(ProjectConfigurationPlatforms) = postSolution
		{1BB4F406-DCAC-4001-B1D0-09452890CBB5}.Debug|Any CPU.ActiveCfg = Debug|Any CPU
		{1BB4F406-DCAC-4001-B1D0-09452890CBB5}.Debug|Any CPU.Build.0 = Debug|Any CPU
		{1BB4F406-DCAC-4001-B1D0-09452890CBB5}.Release|Any CPU.ActiveCfg = Release|Any CPU
		{1BB4F406-DCAC-4001-B1D0-09452890CBB5}.Release|Any CPU.Build.0 = Release|Any CPU
		{8316C676-9AFC-47FF-96B4-00C8E82828BB}.Debug|Any CPU.ActiveCfg = Debug|Any CPU
		{8316C676-9AFC-47FF-96B4-00C8E82828BB}.Debug|Any CPU.Build.0 = Debug|Any CPU
		{8316C676-9AFC-47FF-96B4-00C8E82828BB}.Release|Any CPU.ActiveCfg = Release|Any CPU
		{8316C676-9AFC-47FF-96B4-00C8E82828BB}.Release|Any CPU.Build.0 = Release|Any CPU
		{C7D6E012-02DE-4EF6-954A-C24D787BBC81}.Debug|Any CPU.ActiveCfg = Debug|Any CPU
		{C7D6E012-02DE-4EF6-954A-C24D787BBC81}.Debug|Any CPU.Build.0 = Debug|Any CPU
		{C7D6E012-02DE-4EF6-954A-C24D787BBC81}.Release|Any CPU.ActiveCfg = Release|Any CPU
		{C7D6E012-02DE-4EF6-954A-C24D787BBC81}.Release|Any CPU.Build.0 = Release|Any CPU
		{99B111B9-359F-483B-9AE2-E1E9C1624FAD}.Debug|Any CPU.ActiveCfg = Debug|Any CPU
		{99B111B9-359F-483B-9AE2-E1E9C1624FAD}.Debug|Any CPU.Build.0 = Debug|Any CPU
		{99B111B9-359F-483B-9AE2-E1E9C1624FAD}.Release|Any CPU.ActiveCfg = Release|Any CPU
		{99B111B9-359F-483B-9AE2-E1E9C1624FAD}.Release|Any CPU.Build.0 = Release|Any CPU
	EndGlobalSection
	GlobalSection(SolutionProperties) = preSolution
		HideSolutionNode = FALSE
	EndGlobalSection
EndGlobal
